{
  "pins" : [
    {
      "identity" : "adaptysdk-ios",
      "kind" : "remoteSourceControl",
      "location" : "https://github.com/adaptyteam/AdaptySDK-iOS.git",
      "state" : {
        "revision" : "a5a7b6f62548af117f7cd9bc00abc3a5ab66365b",
        "version" : "2.8.0"
      }
    },
    {
      "identity" : "generative-ai-swift",
      "kind" : "remoteSourceControl",
      "location" : "https://github.com/google/generative-ai-swift",
      "state" : {
        "revision" : "c16f7c335a45b5541c85bebcdc1443305c10926f",
        "version" : "0.2.0"
      }
    },
    {
      "identity" : "get",
      "kind" : "remoteSourceControl",
      "location" : "https://github.com/kean/Get",
      "state" : {
        "revision" : "12830cc64f31789ae6f4352d2d51d03a25fc3741",
        "version" : "2.1.6"
      }
    },
    {
      "identity" : "gptencoder",
      "kind" : "remoteSourceControl",
      "location" : "https://github.com/alfianlosari/GPTEncoder.git",
      "state" : {
        "revision" : "a86968867ab4380e36b904a14c42215f71efe8b4",
        "version" : "1.0.4"
      }
    },
    {
      "identity" : "highlighterswift",
      "kind" : "remoteSourceControl",
      "location" : "https://github.com/alfianlosari/HighlighterSwift",
      "state" : {
        "branch" : "main",
        "revision" : "c15eea4e5e8f18b0a2d2173830fcaa250f742bc0"
      }
    },
    {
      "identity" : "lottie-ios",
      "kind" : "remoteSourceControl",
      "location" : "https://github.com/airbnb/lottie-ios",
      "state" : {
        "branch" : "master",
        "revision" : "cdf8499996eec658e62d1a116c1d87853d563101"
      }
    },
    {
      "identity" : "purchases-ios",
      "kind" : "remoteSourceControl",
      "location" : "https://github.com/RevenueCat/purchases-ios",
      "state" : {
        "revision" : "7f9532438b26ea286fb992d85a60d9f96046a6bb",
        "version" : "4.15.4"
      }
    },
    {
      "identity" : "swift-cmark",
      "kind" : "remoteSourceControl",
      "location" : "https://github.com/apple/swift-cmark.git",
      "state" : {
        "branch" : "gfm",
        "revision" : "3bc2f3e25df0cecc5dc269f7ccae65d0f386f06a"
      }
    },
    {
      "identity" : "swift-markdown",
      "kind" : "remoteSourceControl",
      "location" : "https://github.com/apple/swift-markdown",
      "state" : {
        "branch" : "main",
        "revision" : "c211079c200ce2c5f68160bf75ded005b1c945f1"
      }
    },
    {
      "identity" : "urlqueryencoder",
      "kind" : "remoteSourceControl",
      "location" : "https://github.com/CreateAPI/URLQueryEncoder",
      "state" : {
        "revision" : "4ce950479707ea109f229d7230ec074a133b15d7",
        "version" : "0.2.1"
      }
    }
  ],
  "version" : 2
}
